// !$*UTF8*$!
{
	archiveVersion = 1;
	classes = {
	};
	objectVersion = 55;
	objects = {

/* Begin PBXBuildFile section */
		9BBE6FA428E644CA000B46CB /* AppDelegate.swift in Sources */ = {isa = PBXBuildFile; fileRef = 9BBE6FA328E644CA000B46CB /* AppDelegate.swift */; };
		9BBE6FA628E644CA000B46CB /* SceneDelegate.swift in Sources */ = {isa = PBXBuildFile; fileRef = 9BBE6FA528E644CA000B46CB /* SceneDelegate.swift */; };
		9BBE6FA828E644CA000B46CB /* ViewController.swift in Sources */ = {isa = PBXBuildFile; fileRef = 9BBE6FA728E644CA000B46CB /* ViewController.swift */; };
		9BBE6FAB28E644CA000B46CB /* Main.storyboard in Resources */ = {isa = PBXBuildFile; fileRef = 9BBE6FA928E644CA000B46CB /* Main.storyboard */; };
		9BBE6FAD28E644CC000B46CB /* Assets.xcassets in Resources */ = {isa = PBXBuildFile; fileRef = 9BBE6FAC28E644CC000B46CB /* Assets.xcassets */; };
		9BBE6FB028E644CC000B46CB /* LaunchScreen.storyboard in Resources */ = {isa = PBXBuildFile; fileRef = 9BBE6FAE28E644CC000B46CB /* LaunchScreen.storyboard */; };
		9BBE6FBB28E644CC000B46CB /* MinesweeperTests.swift in Sources */ = {isa = PBXBuildFile; fileRef = 9BBE6FBA28E644CC000B46CB /* MinesweeperTests.swift */; };
		9BBE6FC528E644CC000B46CB /* MinesweeperUITests.swift in Sources */ = {isa = PBXBuildFile; fileRef = 9BBE6FC428E644CC000B46CB /* MinesweeperUITests.swift */; };
		9BBE6FC728E644CC000B46CB /* MinesweeperUITestsLaunchTests.swift in Sources */ = {isa = PBXBuildFile; fileRef = 9BBE6FC628E644CC000B46CB /* MinesweeperUITestsLaunchTests.swift */; };
		9BBE6FD428E64826000B46CB /* campofacilViewController.swift in Sources */ = {isa = PBXBuildFile; fileRef = 9BBE6FD328E64826000B46CB /* campofacilViewController.swift */; };
		9BBE6FD628E6483D000B46CB /* campomedioViewController.swift in Sources */ = {isa = PBXBuildFile; fileRef = 9BBE6FD528E6483D000B46CB /* campomedioViewController.swift */; };
/* End PBXBuildFile section */

/* Begin PBXContainerItemProxy section */
		9BBE6FB728E644CC000B46CB /* PBXContainerItemProxy */ = {
			isa = PBXContainerItemProxy;
			containerPortal = 9BBE6F9828E644CA000B46CB /* Project object */;
			proxyType = 1;
			remoteGlobalIDString = 9BBE6F9F28E644CA000B46CB;
			remoteInfo = Minesweeper;
		};
		9BBE6FC128E644CC000B46CB /* PBXContainerItemProxy */ = {
			isa = PBXContainerItemProxy;
			containerPortal = 9BBE6F9828E644CA000B46CB /* Project object */;
			proxyType = 1;
			remoteGlobalIDString = 9BBE6F9F28E644CA000B46CB;
			remoteInfo = Minesweeper;
		};
/* End PBXContainerItemProxy section */

/* Begin PBXFileReference section */
		9BBE6FA028E644CA000B46CB /* Minesweeper.app */ = {isa = PBXFileReference; explicitFileType = wrapper.application; includeInIndex = 0; path = Minesweeper.app; sourceTree = BUILT_PRODUCTS_DIR; };
		9BBE6FA328E644CA000B46CB /* AppDelegate.swift */ = {isa = PBXFileReference; lastKnownFileType = sourcecode.swift; path = AppDelegate.swift; sourceTree = "<group>"; };
		9BBE6FA528E644CA000B46CB /* SceneDelegate.swift */ = {isa = PBXFileReference; lastKnownFileType = sourcecode.swift; path = SceneDelegate.swift; sourceTree = "<group>"; };
		9BBE6FA728E644CA000B46CB /* ViewController.swift */ = {isa = PBXFileReference; lastKnownFileType = sourcecode.swift; path = ViewController.swift; sourceTree = "<group>"; };
		9BBE6FAA28E644CA000B46CB /* Base */ = {isa = PBXFileReference; lastKnownFileType = file.storyboard; name = Base; path = Base.lproj/Main.storyboard; sourceTree = "<group>"; };
		9BBE6FAC28E644CC000B46CB /* Assets.xcassets */ = {isa = PBXFileReference; lastKnownFileType = folder.assetcatalog; path = Assets.xcassets; sourceTree = "<group>"; };
		9BBE6FAF28E644CC000B46CB /* Base */ = {isa = PBXFileReference; lastKnownFileType = file.storyboard; name = Base; path = Base.lproj/LaunchScreen.storyboard; sourceTree = "<group>"; };
		9BBE6FB128E644CC000B46CB /* Info.plist */ = {isa = PBXFileReference; lastKnownFileType = text.plist.xml; path = Info.plist; sourceTree = "<group>"; };
		9BBE6FB628E644CC000B46CB /* MinesweeperTests.xctest */ = {isa = PBXFileReference; explicitFileType = wrapper.cfbundle; includeInIndex = 0; path = MinesweeperTests.xctest; sourceTree = BUILT_PRODUCTS_DIR; };
		9BBE6FBA28E644CC000B46CB /* MinesweeperTests.swift */ = {isa = PBXFileReference; lastKnownFileType = sourcecode.swift; path = MinesweeperTests.swift; sourceTree = "<group>"; };
		9BBE6FC028E644CC000B46CB /* MinesweeperUITests.xctest */ = {isa = PBXFileReference; explicitFileType = wrapper.cfbundle; includeInIndex = 0; path = MinesweeperUITests.xctest; sourceTree = BUILT_PRODUCTS_DIR; };
		9BBE6FC428E644CC000B46CB /* MinesweeperUITests.swift */ = {isa = PBXFileReference; lastKnownFileType = sourcecode.swift; path = MinesweeperUITests.swift; sourceTree = "<group>"; };
		9BBE6FC628E644CC000B46CB /* MinesweeperUITestsLaunchTests.swift */ = {isa = PBXFileReference; lastKnownFileType = sourcecode.swift; path = MinesweeperUITestsLaunchTests.swift; sourceTree = "<group>"; };
		9BBE6FD328E64826000B46CB /* campofacilViewController.swift */ = {isa = PBXFileReference; lastKnownFileType = sourcecode.swift; path = campofacilViewController.swift; sourceTree = "<group>"; };
		9BBE6FD528E6483D000B46CB /* campomedioViewController.swift */ = {isa = PBXFileReference; lastKnownFileType = sourcecode.swift; path = campomedioViewController.swift; sourceTree = "<group>"; };
/* End PBXFileReference section */

/* Begin PBXFrameworksBuildPhase section */
		9BBE6F9D28E644CA000B46CB /* Frameworks */ = {
			isa = PBXFrameworksBuildPhase;
			buildActionMask = 2147483647;
			files = (
			);
			runOnlyForDeploymentPostprocessing = 0;
		};
		9BBE6FB328E644CC000B46CB /* Frameworks */ = {
			isa = PBXFrameworksBuildPhase;
			buildActionMask = 2147483647;
			files = (
			);
			runOnlyForDeploymentPostprocessing = 0;
		};
		9BBE6FBD28E644CC000B46CB /* Frameworks */ = {
			isa = PBXFrameworksBuildPhase;
			buildActionMask = 2147483647;
			files = (
			);
			runOnlyForDeploymentPostprocessing = 0;
		};
/* End PBXFrameworksBuildPhase section */

/* Begin PBXGroup section */
		9BBE6F9728E644CA000B46CB = {
			isa = PBXGroup;
			children = (
				9BBE6FA228E644CA000B46CB /* Minesweeper */,
				9BBE6FB928E644CC000B46CB /* MinesweeperTests */,
				9BBE6FC328E644CC000B46CB /* MinesweeperUITests */,
				9BBE6FA128E644CA000B46CB /* Products */,
			);
			sourceTree = "<group>";
		};
		9BBE6FA128E644CA000B46CB /* Products */ = {
			isa = PBXGroup;
			children = (
				9BBE6FA028E644CA000B46CB /* Minesweeper.app */,
				9BBE6FB628E644CC000B46CB /* MinesweeperTests.xctest */,
				9BBE6FC028E644CC000B46CB /* MinesweeperUITests.xctest */,
			);
			name = Products;
			sourceTree = "<group>";
		};
		9BBE6FA228E644CA000B46CB /* Minesweeper */ = {
			isa = PBXGroup;
			children = (
				9BBE6FA328E644CA000B46CB /* AppDelegate.swift */,
				9BBE6FA528E644CA000B46CB /* SceneDelegate.swift */,
				9BBE6FA728E644CA000B46CB /* ViewController.swift */,
				9BBE6FD328E64826000B46CB /* campofacilViewController.swift */,
				9BBE6FD528E6483D000B46CB /* campomedioViewController.swift */,
				9BBE6FA928E644CA000B46CB /* Main.storyboard */,
				9BBE6FAC28E644CC000B46CB /* Assets.xcassets */,
				9BBE6FAE28E644CC000B46CB /* LaunchScreen.storyboard */,
				9BBE6FB128E644CC000B46CB /* Info.plist */,
			);
			path = Minesweeper;
			sourceTree = "<group>";
		};
		9BBE6FB928E644CC000B46CB /* MinesweeperTests */ = {
			isa = PBXGroup;
			children = (
				9BBE6FBA28E644CC000B46CB /* MinesweeperTests.swift */,
			);
			path = MinesweeperTests;
			sourceTree = "<group>";
		};
		9BBE6FC328E644CC000B46CB /* MinesweeperUITests */ = {
			isa = PBXGroup;
			children = (
				9BBE6FC428E644CC000B46CB /* MinesweeperUITests.swift */,
				9BBE6FC628E644CC000B46CB /* MinesweeperUITestsLaunchTests.swift */,
			);
			path = MinesweeperUITests;
			sourceTree = "<group>";
		};
/* End PBXGroup section */

/* Begin PBXNativeTarget section */
		9BBE6F9F28E644CA000B46CB /* Minesweeper */ = {
			isa = PBXNativeTarget;
			buildConfigurationList = 9BBE6FCA28E644CC000B46CB /* Build configuration list for PBXNativeTarget "Minesweeper" */;
			buildPhases = (
				9BBE6F9C28E644CA000B46CB /* Sources */,
				9BBE6F9D28E644CA000B46CB /* Frameworks */,
				9BBE6F9E28E644CA000B46CB /* Resources */,
			);
			buildRules = (
			);
			dependencies = (
			);
			name = Minesweeper;
			productName = Minesweeper;
			productReference = 9BBE6FA028E644CA000B46CB /* Minesweeper.app */;
			productType = "com.apple.product-type.application";
		};
		9BBE6FB528E644CC000B46CB /* MinesweeperTests */ = {
			isa = PBXNativeTarget;
			buildConfigurationList = 9BBE6FCD28E644CC000B46CB /* Build configuration list for PBXNativeTarget "MinesweeperTests" */;
			buildPhases = (
				9BBE6FB228E644CC000B46CB /* Sources */,
				9BBE6FB328E644CC000B46CB /* Frameworks */,
				9BBE6FB428E644CC000B46CB /* Resources */,
			);
			buildRules = (
			);
			dependencies = (
				9BBE6FB828E644CC000B46CB /* PBXTargetDependency */,
			);
			name = MinesweeperTests;
			productName = MinesweeperTests;
			productReference = 9BBE6FB628E644CC000B46CB /* MinesweeperTests.xctest */;
			productType = "com.apple.product-type.bundle.unit-test";
		};
		9BBE6FBF28E644CC000B46CB /* MinesweeperUITests */ = {
			isa = PBXNativeTarget;
			buildConfigurationList = 9BBE6FD028E644CC000B46CB /* Build configuration list for PBXNativeTarget "MinesweeperUITests" */;
			buildPhases = (
				9BBE6FBC28E644CC000B46CB /* Sources */,
				9BBE6FBD28E644CC000B46CB /* Frameworks */,
				9BBE6FBE28E644CC000B46CB /* Resources */,
			);
			buildRules = (
			);
			dependencies = (
				9BBE6FC228E644CC000B46CB /* PBXTargetDependency */,
			);
			name = MinesweeperUITests;
			productName = MinesweeperUITests;
			productReference = 9BBE6FC028E644CC000B46CB /* MinesweeperUITests.xctest */;
			productType = "com.apple.product-type.bundle.ui-testing";
		};
/* End PBXNativeTarget section */

/* Begin PBXProject section */
		9BBE6F9828E644CA000B46CB /* Project object */ = {
			isa = PBXProject;
			attributes = {
				BuildIndependentTargetsInParallel = 1;
				LastSwiftUpdateCheck = 1340;
				LastUpgradeCheck = 1340;
				TargetAttributes = {
					9BBE6F9F28E644CA000B46CB = {
						CreatedOnToolsVersion = 13.4.1;
					};
					9BBE6FB528E644CC000B46CB = {
						CreatedOnToolsVersion = 13.4.1;
						TestTargetID = 9BBE6F9F28E644CA000B46CB;
					};
					9BBE6FBF28E644CC000B46CB = {
						CreatedOnToolsVersion = 13.4.1;
						TestTargetID = 9BBE6F9F28E644CA000B46CB;
					};
				};
			};
			buildConfigurationList = 9BBE6F9B28E644CA000B46CB /* Build configuration list for PBXProject "Minesweeper" */;
			compatibilityVersion = "Xcode 13.0";
			developmentRegion = en;
			hasScannedForEncodings = 0;
			knownRegions = (
				en,
				Base,
			);
			mainGroup = 9BBE6F9728E644CA000B46CB;
			productRefGroup = 9BBE6FA128E644CA000B46CB /* Products */;
			projectDirPath = "";
			projectRoot = "";
			targets = (
				9BBE6F9F28E644CA000B46CB /* Minesweeper */,
				9BBE6FB528E644CC000B46CB /* MinesweeperTests */,
				9BBE6FBF28E644CC000B46CB /* MinesweeperUITests */,
			);
		};
/* End PBXProject section */

/* Begin PBXResourcesBuildPhase section */
		9BBE6F9E28E644CA000B46CB /* Resources */ = {
			isa = PBXResourcesBuildPhase;
			buildActionMask = 2147483647;
			files = (
				9BBE6FB028E644CC000B46CB /* LaunchScreen.storyboard in Resources */,
				9BBE6FAD28E644CC000B46CB /* Assets.xcassets in Resources */,
				9BBE6FAB28E644CA000B46CB /* Main.storyboard in Resources */,
			);
			runOnlyForDeploymentPostprocessing = 0;
		};
		9BBE6FB428E644CC000B46CB /* Resources */ = {
			isa = PBXResourcesBuildPhase;
			buildActionMask = 2147483647;
			files = (
			);
			runOnlyForDeploymentPostprocessing = 0;
		};
		9BBE6FBE28E644CC000B46CB /* Resources */ = {
			isa = PBXResourcesBuildPhase;
			buildActionMask = 2147483647;
			files = (
			);
			runOnlyForDeploymentPostprocessing = 0;
		};
/* End PBXResourcesBuildPhase section */

/* Begin PBXSourcesBuildPhase section */
		9BBE6F9C28E644CA000B46CB /* Sources */ = {
			isa = PBXSourcesBuildPhase;
			buildActionMask = 2147483647;
			files = (
				9BBE6FD628E6483D000B46CB /* campomedioViewController.swift in Sources */,
				9BBE6FA828E644CA000B46CB /* ViewController.swift in Sources */,
				9BBE6FD428E64826000B46CB /* campofacilViewController.swift in Sources */,
				9BBE6FA428E644CA000B46CB /* AppDelegate.swift in Sources */,
				9BBE6FA628E644CA000B46CB /* SceneDelegate.swift in Sources */,
			);
			runOnlyForDeploymentPostprocessing = 0;
		};
		9BBE6FB228E644CC000B46CB /* Sources */ = {
			isa = PBXSourcesBuildPhase;
			buildActionMask = 2147483647;
			files = (
				9BBE6FBB28E644CC000B46CB /* MinesweeperTests.swift in Sources */,
			);
			runOnlyForDeploymentPostprocessing = 0;
		};
		9BBE6FBC28E644CC000B46CB /* Sources */ = {
			isa = PBXSourcesBuildPhase;
			buildActionMask = 2147483647;
			files = (
				9BBE6FC528E644CC000B46CB /* MinesweeperUITests.swift in Sources */,
				9BBE6FC728E644CC000B46CB /* MinesweeperUITestsLaunchTests.swift in Sources */,
			);
			runOnlyForDeploymentPostprocessing = 0;
		};
/* End PBXSourcesBuildPhase section */

/* Begin PBXTargetDependency section */
		9BBE6FB828E644CC000B46CB /* PBXTargetDependency */ = {
			isa = PBXTargetDependency;
			target = 9BBE6F9F28E644CA000B46CB /* Minesweeper */;
			targetProxy = 9BBE6FB728E644CC000B46CB /* PBXContainerItemProxy */;
		};
		9BBE6FC228E644CC000B46CB /* PBXTargetDependency */ = {
			isa = PBXTargetDependency;
			target = 9BBE6F9F28E644CA000B46CB /* Minesweeper */;
			targetProxy = 9BBE6FC128E644CC000B46CB /* PBXContainerItemProxy */;
		};
/* End PBXTargetDependency section */

/* Begin PBXVariantGroup section */
		9BBE6FA928E644CA000B46CB /* Main.storyboard */ = {
			isa = PBXVariantGroup;
			children = (
				9BBE6FAA28E644CA000B46CB /* Base */,
			);
			name = Main.storyboard;
			sourceTree = "<group>";
		};
		9BBE6FAE28E644CC000B46CB /* LaunchScreen.storyboard */ = {
			isa = PBXVariantGroup;
			children = (
				9BBE6FAF28E644CC000B46CB /* Base */,
			);
			name = LaunchScreen.storyboard;
			sourceTree = "<group>";
		};
/* End PBXVariantGroup section */

/* Begin XCBuildConfiguration section */
		9BBE6FC828E644CC000B46CB /* Debug */ = {
			isa = XCBuildConfiguration;
			buildSettings = {
				ALWAYS_SEARCH_USER_PATHS = NO;
				CLANG_ANALYZER_NONNULL = YES;
				CLANG_ANALYZER_NUMBER_OBJECT_CONVERSION = YES_AGGRESSIVE;
				CLANG_CXX_LANGUAGE_STANDARD = "gnu++17";
				CLANG_ENABLE_MODULES = YES;
				CLANG_ENABLE_OBJC_ARC = YES;
				CLANG_ENABLE_OBJC_WEAK = YES;
				CLANG_WARN_BLOCK_CAPTURE_AUTORELEASING = YES;
				CLANG_WARN_BOOL_CONVERSION = YES;
				CLANG_WARN_COMMA = YES;
				CLANG_WARN_CONSTANT_CONVERSION = YES;
				CLANG_WARN_DEPRECATED_OBJC_IMPLEMENTATIONS = YES;
				CLANG_WARN_DIRECT_OBJC_ISA_USAGE = YES_ERROR;
				CLANG_WARN_DOCUMENTATION_COMMENTS = YES;
				CLANG_WARN_EMPTY_BODY = YES;
				CLANG_WARN_ENUM_CONVERSION = YES;
				CLANG_WARN_INFINITE_RECURSION = YES;
				CLANG_WARN_INT_CONVERSION = YES;
				CLANG_WARN_NON_LITERAL_NULL_CONVERSION = YES;
				CLANG_WARN_OBJC_IMPLICIT_RETAIN_SELF = YES;
				CLANG_WARN_OBJC_LITERAL_CONVERSION = YES;
				CLANG_WARN_OBJC_ROOT_CLASS = YES_ERROR;
				CLANG_WARN_QUOTED_INCLUDE_IN_FRAMEWORK_HEADER = YES;
				CLANG_WARN_RANGE_LOOP_ANALYSIS = YES;
				CLANG_WARN_STRICT_PROTOTYPES = YES;
				CLANG_WARN_SUSPICIOUS_MOVE = YES;
				CLANG_WARN_UNGUARDED_AVAILABILITY = YES_AGGRESSIVE;
				CLANG_WARN_UNREACHABLE_CODE = YES;
				CLANG_WARN__DUPLICATE_METHOD_MATCH = YES;
				COPY_PHASE_STRIP = NO;
				DEBUG_INFORMATION_FORMAT = dwarf;
				ENABLE_STRICT_OBJC_MSGSEND = YES;
				ENABLE_TESTABILITY = YES;
				GCC_C_LANGUAGE_STANDARD = gnu11;
				GCC_DYNAMIC_NO_PIC = NO;
				GCC_NO_COMMON_BLOCKS = YES;
				GCC_OPTIMIZATION_LEVEL = 0;
				GCC_PREPROCESSOR_DEFINITIONS = (
					"DEBUG=1",
					"$(inherited)",
				);
				GCC_WARN_64_TO_32_BIT_CONVERSION = YES;
				GCC_WARN_ABOUT_RETURN_TYPE = YES_ERROR;
				GCC_WARN_UNDECLARED_SELECTOR = YES;
				GCC_WARN_UNINITIALIZED_AUTOS = YES_AGGRESSIVE;
				GCC_WARN_UNUSED_FUNCTION = YES;
				GCC_WARN_UNUSED_VARIABLE = YES;
				IPHONEOS_DEPLOYMENT_TARGET = 15.5;
				MTL_ENABLE_DEBUG_INFO = INCLUDE_SOURCE;
				MTL_FAST_MATH = YES;
				ONLY_ACTIVE_ARCH = YES;
				SDKROOT = iphoneos;
				SWIFT_ACTIVE_COMPILATION_CONDITIONS = DEBUG;
				SWIFT_OPTIMIZATION_LEVEL = "-Onone";
			};
			name = Debug;
		};
		9BBE6FC928E644CC000B46CB /* Release */ = {
			isa = XCBuildConfiguration;
			buildSettings = {
				ALWAYS_SEARCH_USER_PATHS = NO;
				CLANG_ANALYZER_NONNULL = YES;
				CLANG_ANALYZER_NUMBER_OBJECT_CONVERSION = YES_AGGRESSIVE;
				CLANG_CXX_LANGUAGE_STANDARD = "gnu++17";
				CLANG_ENABLE_MODULES = YES;
				CLANG_ENABLE_OBJC_ARC = YES;
				CLANG_ENABLE_OBJC_WEAK = YES;
				CLANG_WARN_BLOCK_CAPTURE_AUTORELEASING = YES;
				CLANG_WARN_BOOL_CONVERSION = YES;
				CLANG_WARN_COMMA = YES;
				CLANG_WARN_CONSTANT_CONVERSION = YES;
				CLANG_WARN_DEPRECATED_OBJC_IMPLEMENTATIONS = YES;
				CLANG_WARN_DIRECT_OBJC_ISA_USAGE = YES_ERROR;
				CLANG_WARN_DOCUMENTATION_COMMENTS = YES;
				CLANG_WARN_EMPTY_BODY = YES;
				CLANG_WARN_ENUM_CONVERSION = YES;
				CLANG_WARN_INFINITE_RECURSION = YES;
				CLANG_WARN_INT_CONVERSION = YES;
				CLANG_WARN_NON_LITERAL_NULL_CONVERSION = YES;
				CLANG_WARN_OBJC_IMPLICIT_RETAIN_SELF = YES;
				CLANG_WARN_OBJC_LITERAL_CONVERSION = YES;
				CLANG_WARN_OBJC_ROOT_CLASS = YES_ERROR;
				CLANG_WARN_QUOTED_INCLUDE_IN_FRAMEWORK_HEADER = YES;
				CLANG_WARN_RANGE_LOOP_ANALYSIS = YES;
				CLANG_WARN_STRICT_PROTOTYPES = YES;
				CLANG_WARN_SUSPICIOUS_MOVE = YES;
				CLANG_WARN_UNGUARDED_AVAILABILITY = YES_AGGRESSIVE;
				CLANG_WARN_UNREACHABLE_CODE = YES;
				CLANG_WARN__DUPLICATE_METHOD_MATCH = YES;
				COPY_PHASE_STRIP = NO;
				DEBUG_INFORMATION_FORMAT = "dwarf-with-dsym";
				ENABLE_NS_ASSERTIONS = NO;
				ENABLE_STRICT_OBJC_MSGSEND = YES;
				GCC_C_LANGUAGE_STANDARD = gnu11;
				GCC_NO_COMMON_BLOCKS = YES;
				GCC_WARN_64_TO_32_BIT_CONVERSION = YES;
				GCC_WARN_ABOUT_RETURN_TYPE = YES_ERROR;
				GCC_WARN_UNDECLARED_SELECTOR = YES;
				GCC_WARN_UNINITIALIZED_AUTOS = YES_AGGRESSIVE;
				GCC_WARN_UNUSED_FUNCTION = YES;
				GCC_WARN_UNUSED_VARIABLE = YES;
				IPHONEOS_DEPLOYMENT_TARGET = 15.5;
				MTL_ENABLE_DEBUG_INFO = NO;
				MTL_FAST_MATH = YES;
				SDKROOT = iphoneos;
				SWIFT_COMPILATION_MODE = wholemodule;
				SWIFT_OPTIMIZATION_LEVEL = "-O";
				VALIDATE_PRODUCT = YES;
			};
			name = Release;
		};
		9BBE6FCB28E644CC000B46CB /* Debug */ = {
			isa = XCBuildConfiguration;
			buildSettings = {
				ASSETCATALOG_COMPILER_APPICON_NAME = AppIcon;
				ASSETCATALOG_COMPILER_GLOBAL_ACCENT_COLOR_NAME = AccentColor;
				CODE_SIGN_STYLE = Automatic;
				CURRENT_PROJECT_VERSION = 1;
				GENERATE_INFOPLIST_FILE = YES;
				INFOPLIST_FILE = Minesweeper/Info.plist;
				INFOPLIST_KEY_UIApplicationSupportsIndirectInputEvents = YES;
				INFOPLIST_KEY_UILaunchStoryboardName = LaunchScreen;
				INFOPLIST_KEY_UIMainStoryboardFile = Main;
				INFOPLIST_KEY_UISupportedInterfaceOrientations_iPad = "UIInterfaceOrientationPortrait UIInterfaceOrientationPortraitUpsideDown UIInterfaceOrientationLandscapeLeft UIInterfaceOrientationLandscapeRight";
				INFOPLIST_KEY_UISupportedInterfaceOrientations_iPhone = "UIInterfaceOrientationPortrait UIInterfaceOrientationLandscapeLeft UIInterfaceOrientationLandscapeRight";
				LD_RUNPATH_SEARCH_PATHS = (
					"$(inherited)",
					"@executable_path/Frameworks",
				);
				MARKETING_VERSION = 1.0;
				PRODUCT_BUNDLE_IDENTIFIER = com.Marcos.Minesweeper;
				PRODUCT_NAME = "$(TARGET_NAME)";
				SWIFT_EMIT_LOC_STRINGS = YES;
				SWIFT_VERSION = 5.0;
				TARGETED_DEVICE_FAMILY = "1,2";
			};
			name = Debug;
		};
		9BBE6FCC28E644CC000B46CB /* Release */ = {
			isa = XCBuildConfiguration;
			buildSettings = {
				ASSETCATALOG_COMPILER_APPICON_NAME = AppIcon;
				ASSETCATALOG_COMPILER_GLOBAL_ACCENT_COLOR_NAME = AccentColor;
				CODE_SIGN_STYLE = Automatic;
				CURRENT_PROJECT_VERSION = 1;
				GENERATE_INFOPLIST_FILE = YES;
				INFOPLIST_FILE = Minesweeper/Info.plist;
				INFOPLIST_KEY_UIApplicationSupportsIndirectInputEvents = YES;
				INFOPLIST_KEY_UILaunchStoryboardName = LaunchScreen;
				INFOPLIST_KEY_UIMainStoryboardFile = Main;
				INFOPLIST_KEY_UISupportedInterfaceOrientations_iPad = "UIInterfaceOrientationPortrait UIInterfaceOrientationPortraitUpsideDown UIInterfaceOrientationLandscapeLeft UIInterfaceOrientationLandscapeRight";
				INFOPLIST_KEY_UISupportedInterfaceOrientations_iPhone = "UIInterfaceOrientationPortrait UIInterfaceOrientationLandscapeLeft UIInterfaceOrientationLandscapeRight";
				LD_RUNPATH_SEARCH_PATHS = (
					"$(inherited)",
					"@executable_path/Frameworks",
				);
				MARKETING_VERSION = 1.0;
				PRODUCT_BUNDLE_IDENTIFIER = com.Marcos.Minesweeper;
				PRODUCT_NAME = "$(TARGET_NAME)";
				SWIFT_EMIT_LOC_STRINGS = YES;
				SWIFT_VERSION = 5.0;
				TARGETED_DEVICE_FAMILY = "1,2";
			};
			name = Release;
		};
		9BBE6FCE28E644CC000B46CB /* Debug */ = {
			isa = XCBuildConfiguration;
			buildSettings = {
				ALWAYS_EMBED_SWIFT_STANDARD_LIBRARIES = YES;
				BUNDLE_LOADER = "$(TEST_HOST)";
				CODE_SIGN_STYLE = Automatic;
				CURRENT_PROJECT_VERSION = 1;
				GENERATE_INFOPLIST_FILE = YES;
				IPHONEOS_DEPLOYMENT_TARGET = 15.5;
				MARKETING_VERSION = 1.0;
				PRODUCT_BUNDLE_IDENTIFIER = com.Marcos.MinesweeperTests;
				PRODUCT_NAME = "$(TARGET_NAME)";
				SWIFT_EMIT_LOC_STRINGS = NO;
				SWIFT_VERSION = 5.0;
				TARGETED_DEVICE_FAMILY = "1,2";
				TEST_HOST = "$(BUILT_PRODUCTS_DIR)/Minesweeper.app/Minesweeper";
			};
			name = Debug;
		};
		9BBE6FCF28E644CC000B46CB /* Release */ = {
			isa = XCBuildConfiguration;
			buildSettings = {
				ALWAYS_EMBED_SWIFT_STANDARD_LIBRARIES = YES;
				BUNDLE_LOADER = "$(TEST_HOST)";
				CODE_SIGN_STYLE = Automatic;
				CURRENT_PROJECT_VERSION = 1;
				GENERATE_INFOPLIST_FILE = YES;
				IPHONEOS_DEPLOYMENT_TARGET = 15.5;
				MARKETING_VERSION = 1.0;
				PRODUCT_BUNDLE_IDENTIFIER = com.Marcos.MinesweeperTests;
				PRODUCT_NAME = "$(TARGET_NAME)";
				SWIFT_EMIT_LOC_STRINGS = NO;
				SWIFT_VERSION = 5.0;
				TARGETED_DEVICE_FAMILY = "1,2";
				TEST_HOST = "$(BUILT_PRODUCTS_DIR)/Minesweeper.app/Minesweeper";
			};
			name = Release;
		};
		9BBE6FD128E644CC000B46CB /* Debug */ = {
			isa = XCBuildConfiguration;
			buildSettings = {
				ALWAYS_EMBED_SWIFT_STANDARD_LIBRARIES = YES;
				CODE_SIGN_STYLE = Automatic;
				CURRENT_PROJECT_VERSION = 1;
				GENERATE_INFOPLIST_FILE = YES;
				MARKETING_VERSION = 1.0;
				PRODUCT_BUNDLE_IDENTIFIER = com.Marcos.MinesweeperUITests;
				PRODUCT_NAME = "$(TARGET_NAME)";
				SWIFT_EMIT_LOC_STRINGS = NO;
				SWIFT_VERSION = 5.0;
				TARGETED_DEVICE_FAMILY = "1,2";
				TEST_TARGET_NAME = Minesweeper;
			};
			name = Debug;
		};
		9BBE6FD228E644CC000B46CB /* Release */ = {
			isa = XCBuildConfiguration;
			buildSettings = {
				ALWAYS_EMBED_SWIFT_STANDARD_LIBRARIES = YES;
				CODE_SIGN_STYLE = Automatic;
				CURRENT_PROJECT_VERSION = 1;
				GENERATE_INFOPLIST_FILE = YES;
				MARKETING_VERSION = 1.0;
				PRODUCT_BUNDLE_IDENTIFIER = com.Marcos.MinesweeperUITests;
				PRODUCT_NAME = "$(TARGET_NAME)";
				SWIFT_EMIT_LOC_STRINGS = NO;
				SWIFT_VERSION = 5.0;
				TARGETED_DEVICE_FAMILY = "1,2";
				TEST_TARGET_NAME = Minesweeper;
			};
			name = Release;
		};
/* End XCBuildConfiguration section */

/* Begin XCConfigurationList section */
		9BBE6F9B28E644CA000B46CB /* Build configuration list for PBXProject "Minesweeper" */ = {
			isa = XCConfigurationList;
			buildConfigurations = (
				9BBE6FC828E644CC000B46CB /* Debug */,
				9BBE6FC928E644CC000B46CB /* Release */,
			);
			defaultConfigurationIsVisible = 0;
			defaultConfigurationName = Release;
		};
		9BBE6FCA28E644CC000B46CB /* Build configuration list for PBXNativeTarget "Minesweeper" */ = {
			isa = XCConfigurationList;
			buildConfigurations = (
				9BBE6FCB28E644CC000B46CB /* Debug */,
				9BBE6FCC28E644CC000B46CB /* Release */,
			);
			defaultConfigurationIsVisible = 0;
			defaultConfigurationName = Release;
		};
		9BBE6FCD28E644CC000B46CB /* Build configuration list for PBXNativeTarget "MinesweeperTests" */ = {
			isa = XCConfigurationList;
			buildConfigurations = (
				9BBE6FCE28E644CC000B46CB /* Debug */,
				9BBE6FCF28E644CC000B46CB /* Release */,
			);
			defaultConfigurationIsVisible = 0;
			defaultConfigurationName = Release;
		};
		9BBE6FD028E644CC000B46CB /* Build configuration list for PBXNativeTarget "MinesweeperUITests" */ = {
			isa = XCConfigurationList;
			buildConfigurations = (
				9BBE6FD128E644CC000B46CB /* Debug */,
				9BBE6FD228E644CC000B46CB /* Release */,
			);
			defaultConfigurationIsVisible = 0;
			defaultConfigurationName = Release;
		};
/* End XCConfigurationList section */
	};
	rootObject = 9BBE6F9828E644CA000B46CB /* Project object */;
}
