// !$*UTF8*$!
{
	archiveVersion = 1;
	classes = {
	};
	objectVersion = 55;
	objects = {

/* Begin PBXBuildFile section */
		39B957CC28CA8F2B002ABDB6 /* AppDelegate.swift in Sources */ = {isa = PBXBuildFile; fileRef = 39B957CB28CA8F2B002ABDB6 /* AppDelegate.swift */; };
		39B957CE28CA8F2B002ABDB6 /* SceneDelegate.swift in Sources */ = {isa = PBXBuildFile; fileRef = 39B957CD28CA8F2B002ABDB6 /* SceneDelegate.swift */; };
		39B957D028CA8F2B002ABDB6 /* ViewController.swift in Sources */ = {isa = PBXBuildFile; fileRef = 39B957CF28CA8F2B002ABDB6 /* ViewController.swift */; };
		39B957D328CA8F2B002ABDB6 /* Main.storyboard in Resources */ = {isa = PBXBuildFile; fileRef = 39B957D128CA8F2B002ABDB6 /* Main.storyboard */; };
		39B957D528CA8F2C002ABDB6 /* Assets.xcassets in Resources */ = {isa = PBXBuildFile; fileRef = 39B957D428CA8F2C002ABDB6 /* Assets.xcassets */; };
		39B957D828CA8F2C002ABDB6 /* LaunchScreen.storyboard in Resources */ = {isa = PBXBuildFile; fileRef = 39B957D628CA8F2C002ABDB6 /* LaunchScreen.storyboard */; };
		39B957E328CA8F2C002ABDB6 /* jogodaveiaTests.swift in Sources */ = {isa = PBXBuildFile; fileRef = 39B957E228CA8F2C002ABDB6 /* jogodaveiaTests.swift */; };
		39B957ED28CA8F2C002ABDB6 /* jogodaveiaUITests.swift in Sources */ = {isa = PBXBuildFile; fileRef = 39B957EC28CA8F2C002ABDB6 /* jogodaveiaUITests.swift */; };
		39B957EF28CA8F2C002ABDB6 /* jogodaveiaUITestsLaunchTests.swift in Sources */ = {isa = PBXBuildFile; fileRef = 39B957EE28CA8F2C002ABDB6 /* jogodaveiaUITestsLaunchTests.swift */; };
/* End PBXBuildFile section */

/* Begin PBXContainerItemProxy section */
		39B957DF28CA8F2C002ABDB6 /* PBXContainerItemProxy */ = {
			isa = PBXContainerItemProxy;
			containerPortal = 39B957C028CA8F2B002ABDB6 /* Project object */;
			proxyType = 1;
			remoteGlobalIDString = 39B957C728CA8F2B002ABDB6;
			remoteInfo = jogodaveia;
		};
		39B957E928CA8F2C002ABDB6 /* PBXContainerItemProxy */ = {
			isa = PBXContainerItemProxy;
			containerPortal = 39B957C028CA8F2B002ABDB6 /* Project object */;
			proxyType = 1;
			remoteGlobalIDString = 39B957C728CA8F2B002ABDB6;
			remoteInfo = jogodaveia;
		};
/* End PBXContainerItemProxy section */

/* Begin PBXFileReference section */
		39B957C828CA8F2B002ABDB6 /* jogodaveia.app */ = {isa = PBXFileReference; explicitFileType = wrapper.application; includeInIndex = 0; path = jogodaveia.app; sourceTree = BUILT_PRODUCTS_DIR; };
		39B957CB28CA8F2B002ABDB6 /* AppDelegate.swift */ = {isa = PBXFileReference; lastKnownFileType = sourcecode.swift; path = AppDelegate.swift; sourceTree = "<group>"; };
		39B957CD28CA8F2B002ABDB6 /* SceneDelegate.swift */ = {isa = PBXFileReference; lastKnownFileType = sourcecode.swift; path = SceneDelegate.swift; sourceTree = "<group>"; };
		39B957CF28CA8F2B002ABDB6 /* ViewController.swift */ = {isa = PBXFileReference; lastKnownFileType = sourcecode.swift; path = ViewController.swift; sourceTree = "<group>"; };
		39B957D228CA8F2B002ABDB6 /* Base */ = {isa = PBXFileReference; lastKnownFileType = file.storyboard; name = Base; path = Base.lproj/Main.storyboard; sourceTree = "<group>"; };
		39B957D428CA8F2C002ABDB6 /* Assets.xcassets */ = {isa = PBXFileReference; lastKnownFileType = folder.assetcatalog; path = Assets.xcassets; sourceTree = "<group>"; };
		39B957D728CA8F2C002ABDB6 /* Base */ = {isa = PBXFileReference; lastKnownFileType = file.storyboard; name = Base; path = Base.lproj/LaunchScreen.storyboard; sourceTree = "<group>"; };
		39B957D928CA8F2C002ABDB6 /* Info.plist */ = {isa = PBXFileReference; lastKnownFileType = text.plist.xml; path = Info.plist; sourceTree = "<group>"; };
		39B957DE28CA8F2C002ABDB6 /* jogodaveiaTests.xctest */ = {isa = PBXFileReference; explicitFileType = wrapper.cfbundle; includeInIndex = 0; path = jogodaveiaTests.xctest; sourceTree = BUILT_PRODUCTS_DIR; };
		39B957E228CA8F2C002ABDB6 /* jogodaveiaTests.swift */ = {isa = PBXFileReference; lastKnownFileType = sourcecode.swift; path = jogodaveiaTests.swift; sourceTree = "<group>"; };
		39B957E828CA8F2C002ABDB6 /* jogodaveiaUITests.xctest */ = {isa = PBXFileReference; explicitFileType = wrapper.cfbundle; includeInIndex = 0; path = jogodaveiaUITests.xctest; sourceTree = BUILT_PRODUCTS_DIR; };
		39B957EC28CA8F2C002ABDB6 /* jogodaveiaUITests.swift */ = {isa = PBXFileReference; lastKnownFileType = sourcecode.swift; path = jogodaveiaUITests.swift; sourceTree = "<group>"; };
		39B957EE28CA8F2C002ABDB6 /* jogodaveiaUITestsLaunchTests.swift */ = {isa = PBXFileReference; lastKnownFileType = sourcecode.swift; path = jogodaveiaUITestsLaunchTests.swift; sourceTree = "<group>"; };
/* End PBXFileReference section */

/* Begin PBXFrameworksBuildPhase section */
		39B957C528CA8F2B002ABDB6 /* Frameworks */ = {
			isa = PBXFrameworksBuildPhase;
			buildActionMask = 2147483647;
			files = (
			);
			runOnlyForDeploymentPostprocessing = 0;
		};
		39B957DB28CA8F2C002ABDB6 /* Frameworks */ = {
			isa = PBXFrameworksBuildPhase;
			buildActionMask = 2147483647;
			files = (
			);
			runOnlyForDeploymentPostprocessing = 0;
		};
		39B957E528CA8F2C002ABDB6 /* Frameworks */ = {
			isa = PBXFrameworksBuildPhase;
			buildActionMask = 2147483647;
			files = (
			);
			runOnlyForDeploymentPostprocessing = 0;
		};
/* End PBXFrameworksBuildPhase section */

/* Begin PBXGroup section */
		39B957BF28CA8F2B002ABDB6 = {
			isa = PBXGroup;
			children = (
				39B957CA28CA8F2B002ABDB6 /* jogodaveia */,
				39B957E128CA8F2C002ABDB6 /* jogodaveiaTests */,
				39B957EB28CA8F2C002ABDB6 /* jogodaveiaUITests */,
				39B957C928CA8F2B002ABDB6 /* Products */,
			);
			sourceTree = "<group>";
		};
		39B957C928CA8F2B002ABDB6 /* Products */ = {
			isa = PBXGroup;
			children = (
				39B957C828CA8F2B002ABDB6 /* jogodaveia.app */,
				39B957DE28CA8F2C002ABDB6 /* jogodaveiaTests.xctest */,
				39B957E828CA8F2C002ABDB6 /* jogodaveiaUITests.xctest */,
			);
			name = Products;
			sourceTree = "<group>";
		};
		39B957CA28CA8F2B002ABDB6 /* jogodaveia */ = {
			isa = PBXGroup;
			children = (
				39B957CB28CA8F2B002ABDB6 /* AppDelegate.swift */,
				39B957CD28CA8F2B002ABDB6 /* SceneDelegate.swift */,
				39B957CF28CA8F2B002ABDB6 /* ViewController.swift */,
				39B957D128CA8F2B002ABDB6 /* Main.storyboard */,
				39B957D428CA8F2C002ABDB6 /* Assets.xcassets */,
				39B957D628CA8F2C002ABDB6 /* LaunchScreen.storyboard */,
				39B957D928CA8F2C002ABDB6 /* Info.plist */,
			);
			path = jogodaveia;
			sourceTree = "<group>";
		};
		39B957E128CA8F2C002ABDB6 /* jogodaveiaTests */ = {
			isa = PBXGroup;
			children = (
				39B957E228CA8F2C002ABDB6 /* jogodaveiaTests.swift */,
			);
			path = jogodaveiaTests;
			sourceTree = "<group>";
		};
		39B957EB28CA8F2C002ABDB6 /* jogodaveiaUITests */ = {
			isa = PBXGroup;
			children = (
				39B957EC28CA8F2C002ABDB6 /* jogodaveiaUITests.swift */,
				39B957EE28CA8F2C002ABDB6 /* jogodaveiaUITestsLaunchTests.swift */,
			);
			path = jogodaveiaUITests;
			sourceTree = "<group>";
		};
/* End PBXGroup section */

/* Begin PBXNativeTarget section */
		39B957C728CA8F2B002ABDB6 /* jogodaveia */ = {
			isa = PBXNativeTarget;
			buildConfigurationList = 39B957F228CA8F2C002ABDB6 /* Build configuration list for PBXNativeTarget "jogodaveia" */;
			buildPhases = (
				39B957C428CA8F2B002ABDB6 /* Sources */,
				39B957C528CA8F2B002ABDB6 /* Frameworks */,
				39B957C628CA8F2B002ABDB6 /* Resources */,
			);
			buildRules = (
			);
			dependencies = (
			);
			name = jogodaveia;
			productName = jogodaveia;
			productReference = 39B957C828CA8F2B002ABDB6 /* jogodaveia.app */;
			productType = "com.apple.product-type.application";
		};
		39B957DD28CA8F2C002ABDB6 /* jogodaveiaTests */ = {
			isa = PBXNativeTarget;
			buildConfigurationList = 39B957F528CA8F2C002ABDB6 /* Build configuration list for PBXNativeTarget "jogodaveiaTests" */;
			buildPhases = (
				39B957DA28CA8F2C002ABDB6 /* Sources */,
				39B957DB28CA8F2C002ABDB6 /* Frameworks */,
				39B957DC28CA8F2C002ABDB6 /* Resources */,
			);
			buildRules = (
			);
			dependencies = (
				39B957E028CA8F2C002ABDB6 /* PBXTargetDependency */,
			);
			name = jogodaveiaTests;
			productName = jogodaveiaTests;
			productReference = 39B957DE28CA8F2C002ABDB6 /* jogodaveiaTests.xctest */;
			productType = "com.apple.product-type.bundle.unit-test";
		};
		39B957E728CA8F2C002ABDB6 /* jogodaveiaUITests */ = {
			isa = PBXNativeTarget;
			buildConfigurationList = 39B957F828CA8F2C002ABDB6 /* Build configuration list for PBXNativeTarget "jogodaveiaUITests" */;
			buildPhases = (
				39B957E428CA8F2C002ABDB6 /* Sources */,
				39B957E528CA8F2C002ABDB6 /* Frameworks */,
				39B957E628CA8F2C002ABDB6 /* Resources */,
			);
			buildRules = (
			);
			dependencies = (
				39B957EA28CA8F2C002ABDB6 /* PBXTargetDependency */,
			);
			name = jogodaveiaUITests;
			productName = jogodaveiaUITests;
			productReference = 39B957E828CA8F2C002ABDB6 /* jogodaveiaUITests.xctest */;
			productType = "com.apple.product-type.bundle.ui-testing";
		};
/* End PBXNativeTarget section */

/* Begin PBXProject section */
		39B957C028CA8F2B002ABDB6 /* Project object */ = {
			isa = PBXProject;
			attributes = {
				BuildIndependentTargetsInParallel = 1;
				LastSwiftUpdateCheck = 1340;
				LastUpgradeCheck = 1340;
				TargetAttributes = {
					39B957C728CA8F2B002ABDB6 = {
						CreatedOnToolsVersion = 13.4.1;
					};
					39B957DD28CA8F2C002ABDB6 = {
						CreatedOnToolsVersion = 13.4.1;
						TestTargetID = 39B957C728CA8F2B002ABDB6;
					};
					39B957E728CA8F2C002ABDB6 = {
						CreatedOnToolsVersion = 13.4.1;
						TestTargetID = 39B957C728CA8F2B002ABDB6;
					};
				};
			};
			buildConfigurationList = 39B957C328CA8F2B002ABDB6 /* Build configuration list for PBXProject "jogodaveia" */;
			compatibilityVersion = "Xcode 13.0";
			developmentRegion = en;
			hasScannedForEncodings = 0;
			knownRegions = (
				en,
				Base,
			);
			mainGroup = 39B957BF28CA8F2B002ABDB6;
			productRefGroup = 39B957C928CA8F2B002ABDB6 /* Products */;
			projectDirPath = "";
			projectRoot = "";
			targets = (
				39B957C728CA8F2B002ABDB6 /* jogodaveia */,
				39B957DD28CA8F2C002ABDB6 /* jogodaveiaTests */,
				39B957E728CA8F2C002ABDB6 /* jogodaveiaUITests */,
			);
		};
/* End PBXProject section */

/* Begin PBXResourcesBuildPhase section */
		39B957C628CA8F2B002ABDB6 /* Resources */ = {
			isa = PBXResourcesBuildPhase;
			buildActionMask = 2147483647;
			files = (
				39B957D828CA8F2C002ABDB6 /* LaunchScreen.storyboard in Resources */,
				39B957D528CA8F2C002ABDB6 /* Assets.xcassets in Resources */,
				39B957D328CA8F2B002ABDB6 /* Main.storyboard in Resources */,
			);
			runOnlyForDeploymentPostprocessing = 0;
		};
		39B957DC28CA8F2C002ABDB6 /* Resources */ = {
			isa = PBXResourcesBuildPhase;
			buildActionMask = 2147483647;
			files = (
			);
			runOnlyForDeploymentPostprocessing = 0;
		};
		39B957E628CA8F2C002ABDB6 /* Resources */ = {
			isa = PBXResourcesBuildPhase;
			buildActionMask = 2147483647;
			files = (
			);
			runOnlyForDeploymentPostprocessing = 0;
		};
/* End PBXResourcesBuildPhase section */

/* Begin PBXSourcesBuildPhase section */
		39B957C428CA8F2B002ABDB6 /* Sources */ = {
			isa = PBXSourcesBuildPhase;
			buildActionMask = 2147483647;
			files = (
				39B957D028CA8F2B002ABDB6 /* ViewController.swift in Sources */,
				39B957CC28CA8F2B002ABDB6 /* AppDelegate.swift in Sources */,
				39B957CE28CA8F2B002ABDB6 /* SceneDelegate.swift in Sources */,
			);
			runOnlyForDeploymentPostprocessing = 0;
		};
		39B957DA28CA8F2C002ABDB6 /* Sources */ = {
			isa = PBXSourcesBuildPhase;
			buildActionMask = 2147483647;
			files = (
				39B957E328CA8F2C002ABDB6 /* jogodaveiaTests.swift in Sources */,
			);
			runOnlyForDeploymentPostprocessing = 0;
		};
		39B957E428CA8F2C002ABDB6 /* Sources */ = {
			isa = PBXSourcesBuildPhase;
			buildActionMask = 2147483647;
			files = (
				39B957ED28CA8F2C002ABDB6 /* jogodaveiaUITests.swift in Sources */,
				39B957EF28CA8F2C002ABDB6 /* jogodaveiaUITestsLaunchTests.swift in Sources */,
			);
			runOnlyForDeploymentPostprocessing = 0;
		};
/* End PBXSourcesBuildPhase section */

/* Begin PBXTargetDependency section */
		39B957E028CA8F2C002ABDB6 /* PBXTargetDependency */ = {
			isa = PBXTargetDependency;
			target = 39B957C728CA8F2B002ABDB6 /* jogodaveia */;
			targetProxy = 39B957DF28CA8F2C002ABDB6 /* PBXContainerItemProxy */;
		};
		39B957EA28CA8F2C002ABDB6 /* PBXTargetDependency */ = {
			isa = PBXTargetDependency;
			target = 39B957C728CA8F2B002ABDB6 /* jogodaveia */;
			targetProxy = 39B957E928CA8F2C002ABDB6 /* PBXContainerItemProxy */;
		};
/* End PBXTargetDependency section */

/* Begin PBXVariantGroup section */
		39B957D128CA8F2B002ABDB6 /* Main.storyboard */ = {
			isa = PBXVariantGroup;
			children = (
				39B957D228CA8F2B002ABDB6 /* Base */,
			);
			name = Main.storyboard;
			sourceTree = "<group>";
		};
		39B957D628CA8F2C002ABDB6 /* LaunchScreen.storyboard */ = {
			isa = PBXVariantGroup;
			children = (
				39B957D728CA8F2C002ABDB6 /* Base */,
			);
			name = LaunchScreen.storyboard;
			sourceTree = "<group>";
		};
/* End PBXVariantGroup section */

/* Begin XCBuildConfiguration section */
		39B957F028CA8F2C002ABDB6 /* Debug */ = {
			isa = XCBuildConfiguration;
			buildSettings = {
				ALWAYS_SEARCH_USER_PATHS = NO;
				CLANG_ANALYZER_NONNULL = YES;
				CLANG_ANALYZER_NUMBER_OBJECT_CONVERSION = YES_AGGRESSIVE;
				CLANG_CXX_LANGUAGE_STANDARD = "gnu++17";
				CLANG_ENABLE_MODULES = YES;
				CLANG_ENABLE_OBJC_ARC = YES;
				CLANG_ENABLE_OBJC_WEAK = YES;
				CLANG_WARN_BLOCK_CAPTURE_AUTORELEASING = YES;
				CLANG_WARN_BOOL_CONVERSION = YES;
				CLANG_WARN_COMMA = YES;
				CLANG_WARN_CONSTANT_CONVERSION = YES;
				CLANG_WARN_DEPRECATED_OBJC_IMPLEMENTATIONS = YES;
				CLANG_WARN_DIRECT_OBJC_ISA_USAGE = YES_ERROR;
				CLANG_WARN_DOCUMENTATION_COMMENTS = YES;
				CLANG_WARN_EMPTY_BODY = YES;
				CLANG_WARN_ENUM_CONVERSION = YES;
				CLANG_WARN_INFINITE_RECURSION = YES;
				CLANG_WARN_INT_CONVERSION = YES;
				CLANG_WARN_NON_LITERAL_NULL_CONVERSION = YES;
				CLANG_WARN_OBJC_IMPLICIT_RETAIN_SELF = YES;
				CLANG_WARN_OBJC_LITERAL_CONVERSION = YES;
				CLANG_WARN_OBJC_ROOT_CLASS = YES_ERROR;
				CLANG_WARN_QUOTED_INCLUDE_IN_FRAMEWORK_HEADER = YES;
				CLANG_WARN_RANGE_LOOP_ANALYSIS = YES;
				CLANG_WARN_STRICT_PROTOTYPES = YES;
				CLANG_WARN_SUSPICIOUS_MOVE = YES;
				CLANG_WARN_UNGUARDED_AVAILABILITY = YES_AGGRESSIVE;
				CLANG_WARN_UNREACHABLE_CODE = YES;
				CLANG_WARN__DUPLICATE_METHOD_MATCH = YES;
				COPY_PHASE_STRIP = NO;
				DEBUG_INFORMATION_FORMAT = dwarf;
				ENABLE_STRICT_OBJC_MSGSEND = YES;
				ENABLE_TESTABILITY = YES;
				GCC_C_LANGUAGE_STANDARD = gnu11;
				GCC_DYNAMIC_NO_PIC = NO;
				GCC_NO_COMMON_BLOCKS = YES;
				GCC_OPTIMIZATION_LEVEL = 0;
				GCC_PREPROCESSOR_DEFINITIONS = (
					"DEBUG=1",
					"$(inherited)",
				);
				GCC_WARN_64_TO_32_BIT_CONVERSION = YES;
				GCC_WARN_ABOUT_RETURN_TYPE = YES_ERROR;
				GCC_WARN_UNDECLARED_SELECTOR = YES;
				GCC_WARN_UNINITIALIZED_AUTOS = YES_AGGRESSIVE;
				GCC_WARN_UNUSED_FUNCTION = YES;
				GCC_WARN_UNUSED_VARIABLE = YES;
				IPHONEOS_DEPLOYMENT_TARGET = 15.5;
				MTL_ENABLE_DEBUG_INFO = INCLUDE_SOURCE;
				MTL_FAST_MATH = YES;
				ONLY_ACTIVE_ARCH = YES;
				SDKROOT = iphoneos;
				SWIFT_ACTIVE_COMPILATION_CONDITIONS = DEBUG;
				SWIFT_OPTIMIZATION_LEVEL = "-Onone";
			};
			name = Debug;
		};
		39B957F128CA8F2C002ABDB6 /* Release */ = {
			isa = XCBuildConfiguration;
			buildSettings = {
				ALWAYS_SEARCH_USER_PATHS = NO;
				CLANG_ANALYZER_NONNULL = YES;
				CLANG_ANALYZER_NUMBER_OBJECT_CONVERSION = YES_AGGRESSIVE;
				CLANG_CXX_LANGUAGE_STANDARD = "gnu++17";
				CLANG_ENABLE_MODULES = YES;
				CLANG_ENABLE_OBJC_ARC = YES;
				CLANG_ENABLE_OBJC_WEAK = YES;
				CLANG_WARN_BLOCK_CAPTURE_AUTORELEASING = YES;
				CLANG_WARN_BOOL_CONVERSION = YES;
				CLANG_WARN_COMMA = YES;
				CLANG_WARN_CONSTANT_CONVERSION = YES;
				CLANG_WARN_DEPRECATED_OBJC_IMPLEMENTATIONS = YES;
				CLANG_WARN_DIRECT_OBJC_ISA_USAGE = YES_ERROR;
				CLANG_WARN_DOCUMENTATION_COMMENTS = YES;
				CLANG_WARN_EMPTY_BODY = YES;
				CLANG_WARN_ENUM_CONVERSION = YES;
				CLANG_WARN_INFINITE_RECURSION = YES;
				CLANG_WARN_INT_CONVERSION = YES;
				CLANG_WARN_NON_LITERAL_NULL_CONVERSION = YES;
				CLANG_WARN_OBJC_IMPLICIT_RETAIN_SELF = YES;
				CLANG_WARN_OBJC_LITERAL_CONVERSION = YES;
				CLANG_WARN_OBJC_ROOT_CLASS = YES_ERROR;
				CLANG_WARN_QUOTED_INCLUDE_IN_FRAMEWORK_HEADER = YES;
				CLANG_WARN_RANGE_LOOP_ANALYSIS = YES;
				CLANG_WARN_STRICT_PROTOTYPES = YES;
				CLANG_WARN_SUSPICIOUS_MOVE = YES;
				CLANG_WARN_UNGUARDED_AVAILABILITY = YES_AGGRESSIVE;
				CLANG_WARN_UNREACHABLE_CODE = YES;
				CLANG_WARN__DUPLICATE_METHOD_MATCH = YES;
				COPY_PHASE_STRIP = NO;
				DEBUG_INFORMATION_FORMAT = "dwarf-with-dsym";
				ENABLE_NS_ASSERTIONS = NO;
				ENABLE_STRICT_OBJC_MSGSEND = YES;
				GCC_C_LANGUAGE_STANDARD = gnu11;
				GCC_NO_COMMON_BLOCKS = YES;
				GCC_WARN_64_TO_32_BIT_CONVERSION = YES;
				GCC_WARN_ABOUT_RETURN_TYPE = YES_ERROR;
				GCC_WARN_UNDECLARED_SELECTOR = YES;
				GCC_WARN_UNINITIALIZED_AUTOS = YES_AGGRESSIVE;
				GCC_WARN_UNUSED_FUNCTION = YES;
				GCC_WARN_UNUSED_VARIABLE = YES;
				IPHONEOS_DEPLOYMENT_TARGET = 15.5;
				MTL_ENABLE_DEBUG_INFO = NO;
				MTL_FAST_MATH = YES;
				SDKROOT = iphoneos;
				SWIFT_COMPILATION_MODE = wholemodule;
				SWIFT_OPTIMIZATION_LEVEL = "-O";
				VALIDATE_PRODUCT = YES;
			};
			name = Release;
		};
		39B957F328CA8F2C002ABDB6 /* Debug */ = {
			isa = XCBuildConfiguration;
			buildSettings = {
				ASSETCATALOG_COMPILER_APPICON_NAME = AppIcon;
				ASSETCATALOG_COMPILER_GLOBAL_ACCENT_COLOR_NAME = AccentColor;
				CODE_SIGN_STYLE = Automatic;
				CURRENT_PROJECT_VERSION = 1;
				GENERATE_INFOPLIST_FILE = YES;
				INFOPLIST_FILE = jogodaveia/Info.plist;
				INFOPLIST_KEY_UIApplicationSupportsIndirectInputEvents = YES;
				INFOPLIST_KEY_UILaunchStoryboardName = LaunchScreen;
				INFOPLIST_KEY_UIMainStoryboardFile = Main;
				INFOPLIST_KEY_UISupportedInterfaceOrientations_iPad = "UIInterfaceOrientationPortrait UIInterfaceOrientationPortraitUpsideDown UIInterfaceOrientationLandscapeLeft UIInterfaceOrientationLandscapeRight";
				INFOPLIST_KEY_UISupportedInterfaceOrientations_iPhone = "UIInterfaceOrientationPortrait UIInterfaceOrientationLandscapeLeft UIInterfaceOrientationLandscapeRight";
				LD_RUNPATH_SEARCH_PATHS = (
					"$(inherited)",
					"@executable_path/Frameworks",
				);
				MARKETING_VERSION = 1.0;
				PRODUCT_BUNDLE_IDENTIFIER = Marcos.jogodaveia;
				PRODUCT_NAME = "$(TARGET_NAME)";
				SWIFT_EMIT_LOC_STRINGS = YES;
				SWIFT_VERSION = 5.0;
				TARGETED_DEVICE_FAMILY = "1,2";
			};
			name = Debug;
		};
		39B957F428CA8F2C002ABDB6 /* Release */ = {
			isa = XCBuildConfiguration;
			buildSettings = {
				ASSETCATALOG_COMPILER_APPICON_NAME = AppIcon;
				ASSETCATALOG_COMPILER_GLOBAL_ACCENT_COLOR_NAME = AccentColor;
				CODE_SIGN_STYLE = Automatic;
				CURRENT_PROJECT_VERSION = 1;
				GENERATE_INFOPLIST_FILE = YES;
				INFOPLIST_FILE = jogodaveia/Info.plist;
				INFOPLIST_KEY_UIApplicationSupportsIndirectInputEvents = YES;
				INFOPLIST_KEY_UILaunchStoryboardName = LaunchScreen;
				INFOPLIST_KEY_UIMainStoryboardFile = Main;
				INFOPLIST_KEY_UISupportedInterfaceOrientations_iPad = "UIInterfaceOrientationPortrait UIInterfaceOrientationPortraitUpsideDown UIInterfaceOrientationLandscapeLeft UIInterfaceOrientationLandscapeRight";
				INFOPLIST_KEY_UISupportedInterfaceOrientations_iPhone = "UIInterfaceOrientationPortrait UIInterfaceOrientationLandscapeLeft UIInterfaceOrientationLandscapeRight";
				LD_RUNPATH_SEARCH_PATHS = (
					"$(inherited)",
					"@executable_path/Frameworks",
				);
				MARKETING_VERSION = 1.0;
				PRODUCT_BUNDLE_IDENTIFIER = Marcos.jogodaveia;
				PRODUCT_NAME = "$(TARGET_NAME)";
				SWIFT_EMIT_LOC_STRINGS = YES;
				SWIFT_VERSION = 5.0;
				TARGETED_DEVICE_FAMILY = "1,2";
			};
			name = Release;
		};
		39B957F628CA8F2C002ABDB6 /* Debug */ = {
			isa = XCBuildConfiguration;
			buildSettings = {
				ALWAYS_EMBED_SWIFT_STANDARD_LIBRARIES = YES;
				BUNDLE_LOADER = "$(TEST_HOST)";
				CODE_SIGN_STYLE = Automatic;
				CURRENT_PROJECT_VERSION = 1;
				GENERATE_INFOPLIST_FILE = YES;
				IPHONEOS_DEPLOYMENT_TARGET = 15.5;
				MARKETING_VERSION = 1.0;
				PRODUCT_BUNDLE_IDENTIFIER = Marcos.jogodaveiaTests;
				PRODUCT_NAME = "$(TARGET_NAME)";
				SWIFT_EMIT_LOC_STRINGS = NO;
				SWIFT_VERSION = 5.0;
				TARGETED_DEVICE_FAMILY = "1,2";
				TEST_HOST = "$(BUILT_PRODUCTS_DIR)/jogodaveia.app/jogodaveia";
			};
			name = Debug;
		};
		39B957F728CA8F2C002ABDB6 /* Release */ = {
			isa = XCBuildConfiguration;
			buildSettings = {
				ALWAYS_EMBED_SWIFT_STANDARD_LIBRARIES = YES;
				BUNDLE_LOADER = "$(TEST_HOST)";
				CODE_SIGN_STYLE = Automatic;
				CURRENT_PROJECT_VERSION = 1;
				GENERATE_INFOPLIST_FILE = YES;
				IPHONEOS_DEPLOYMENT_TARGET = 15.5;
				MARKETING_VERSION = 1.0;
				PRODUCT_BUNDLE_IDENTIFIER = Marcos.jogodaveiaTests;
				PRODUCT_NAME = "$(TARGET_NAME)";
				SWIFT_EMIT_LOC_STRINGS = NO;
				SWIFT_VERSION = 5.0;
				TARGETED_DEVICE_FAMILY = "1,2";
				TEST_HOST = "$(BUILT_PRODUCTS_DIR)/jogodaveia.app/jogodaveia";
			};
			name = Release;
		};
		39B957F928CA8F2C002ABDB6 /* Debug */ = {
			isa = XCBuildConfiguration;
			buildSettings = {
				ALWAYS_EMBED_SWIFT_STANDARD_LIBRARIES = YES;
				CODE_SIGN_STYLE = Automatic;
				CURRENT_PROJECT_VERSION = 1;
				GENERATE_INFOPLIST_FILE = YES;
				MARKETING_VERSION = 1.0;
				PRODUCT_BUNDLE_IDENTIFIER = Marcos.jogodaveiaUITests;
				PRODUCT_NAME = "$(TARGET_NAME)";
				SWIFT_EMIT_LOC_STRINGS = NO;
				SWIFT_VERSION = 5.0;
				TARGETED_DEVICE_FAMILY = "1,2";
				TEST_TARGET_NAME = jogodaveia;
			};
			name = Debug;
		};
		39B957FA28CA8F2C002ABDB6 /* Release */ = {
			isa = XCBuildConfiguration;
			buildSettings = {
				ALWAYS_EMBED_SWIFT_STANDARD_LIBRARIES = YES;
				CODE_SIGN_STYLE = Automatic;
				CURRENT_PROJECT_VERSION = 1;
				GENERATE_INFOPLIST_FILE = YES;
				MARKETING_VERSION = 1.0;
				PRODUCT_BUNDLE_IDENTIFIER = Marcos.jogodaveiaUITests;
				PRODUCT_NAME = "$(TARGET_NAME)";
				SWIFT_EMIT_LOC_STRINGS = NO;
				SWIFT_VERSION = 5.0;
				TARGETED_DEVICE_FAMILY = "1,2";
				TEST_TARGET_NAME = jogodaveia;
			};
			name = Release;
		};
/* End XCBuildConfiguration section */

/* Begin XCConfigurationList section */
		39B957C328CA8F2B002ABDB6 /* Build configuration list for PBXProject "jogodaveia" */ = {
			isa = XCConfigurationList;
			buildConfigurations = (
				39B957F028CA8F2C002ABDB6 /* Debug */,
				39B957F128CA8F2C002ABDB6 /* Release */,
			);
			defaultConfigurationIsVisible = 0;
			defaultConfigurationName = Release;
		};
		39B957F228CA8F2C002ABDB6 /* Build configuration list for PBXNativeTarget "jogodaveia" */ = {
			isa = XCConfigurationList;
			buildConfigurations = (
				39B957F328CA8F2C002ABDB6 /* Debug */,
				39B957F428CA8F2C002ABDB6 /* Release */,
			);
			defaultConfigurationIsVisible = 0;
			defaultConfigurationName = Release;
		};
		39B957F528CA8F2C002ABDB6 /* Build configuration list for PBXNativeTarget "jogodaveiaTests" */ = {
			isa = XCConfigurationList;
			buildConfigurations = (
				39B957F628CA8F2C002ABDB6 /* Debug */,
				39B957F728CA8F2C002ABDB6 /* Release */,
			);
			defaultConfigurationIsVisible = 0;
			defaultConfigurationName = Release;
		};
		39B957F828CA8F2C002ABDB6 /* Build configuration list for PBXNativeTarget "jogodaveiaUITests" */ = {
			isa = XCConfigurationList;
			buildConfigurations = (
				39B957F928CA8F2C002ABDB6 /* Debug */,
				39B957FA28CA8F2C002ABDB6 /* Release */,
			);
			defaultConfigurationIsVisible = 0;
			defaultConfigurationName = Release;
		};
/* End XCConfigurationList section */
	};
	rootObject = 39B957C028CA8F2B002ABDB6 /* Project object */;
}
